PODS:
  - AashuDubeyCapacitorStatusbarSafeArea (2.1.1):
    - Capacitor
  - Capacitor (5.4.2):
    - CapacitorCordova
  - CapacitorApp (5.0.6):
    - Capacitor
  - CapacitorCordova (5.4.2)
  - CapacitorSplashScreen (5.0.6):
    - Capacitor
  - CapacitorStatusBar (5.0.6):
    - Capacitor

DEPENDENCIES:
  - "AashuDubeyCapacitorStatusbarSafeArea (from `../../node_modules/@aashu-dubey/capacitor-statusbar-safe-area`)"
  - "Capacitor (from `../../node_modules/@capacitor/ios`)"
  - "CapacitorApp (from `../../node_modules/@capacitor/app`)"
  - "CapacitorCordova (from `../../node_modules/@capacitor/ios`)"
  - "CapacitorSplashScreen (from `../../node_modules/@capacitor/splash-screen`)"
  - "CapacitorStatusBar (from `../../node_modules/@capacitor/status-bar`)"

EXTERNAL SOURCES:
  AashuDubeyCapacitorStatusbarSafeArea:
    :path: "../../node_modules/@aashu-dubey/capacitor-statusbar-safe-area"
  Capacitor:
    :path: "../../node_modules/@capacitor/ios"
  CapacitorApp:
    :path: "../../node_modules/@capacitor/app"
  CapacitorCordova:
    :path: "../../node_modules/@capacitor/ios"
  CapacitorSplashScreen:
    :path: "../../node_modules/@capacitor/splash-screen"
  CapacitorStatusBar:
    :path: "../../node_modules/@capacitor/status-bar"

SPEC CHECKSUMS:
  AashuDubeyCapacitorStatusbarSafeArea: 4833bf7ac284b54c6650f0d80634552094fd3229
  Capacitor: 8a9db42d105f55843cd8ed2a3cb54e2b78e7f102
  CapacitorApp: 024e1b1bea5f883d79f6330d309bc441c88ad04a
  CapacitorCordova: cfcc06b698481da655415985eeb2b8da363f8451
  CapacitorSplashScreen: 5fa2ab5e46cf5cc530cf16a51c80c7a986579ccd
  CapacitorStatusBar: 565c0a1ebd79bb40d797606a8992b4a105885309

PODFILE CHECKSUM: 61e8ad26d0faf1bb845325527dc0d9cd33745313

COCOAPODS: 1.10.2
